
Microsoft Visual Studio Solution File, Format Version 12.00
# Visual Studio Version 17
VisualStudioVersion = 17.0.31903.59
MinimumVisualStudioVersion = 10.0.40219.1
Project("{FAE04EC0-301F-11D3-BF4B-00C04F79EFBC}") = "Photogrammetry", "Photogrammetry\Photogrammetry.csproj", "{0C7A22C2-8FA2-4341-8966-03E25608E547}"
EndProject
Project("{FAE04EC0-301F-11D3-BF4B-00C04F79EFBC}") = "ImageReader.Abstractions", "ImageReader.Abstractions\ImageReader.Abstractions.csproj", "{4BA41A99-BB6F-463F-B212-760DEF0E4008}"
EndProject
Project("{FAE04EC0-301F-11D3-BF4B-00C04F79EFBC}") = "ImageReader.LocalImageReader", "ImageReader.LocalImageReader\ImageReader.LocalImageReader.csproj", "{0BC3C1E9-6004-4232-B01D-1D03EF788638}"
EndProject
Project("{FAE04EC0-301F-11D3-BF4B-00C04F79EFBC}") = "Images.Abstractions", "Images.Abstractions\Images.Abstractions.csproj", "{D3BE5DCA-5270-485C-A47B-18B6D161D7C3}"
EndProject
Project("{FAE04EC0-301F-11D3-BF4B-00C04F79EFBC}") = "ImageProcessing", "ImageProcessing\ImageProcessing.csproj", "{4EDD22A0-297B-4A6C-B4AD-A159F111A896}"
EndProject
Project("{FAE04EC0-301F-11D3-BF4B-00C04F79EFBC}") = "ImageProcessing.Abstractions", "ImageProcessing.Abstractions\ImageProcessing.Abstractions.csproj", "{634C93DA-A176-4433-92D6-D09582AADA58}"
EndProject
Global
	GlobalSection(SolutionConfigurationPlatforms) = preSolution
		Debug|Any CPU = Debug|Any CPU
		Release|Any CPU = Release|Any CPU
	EndGlobalSection
	GlobalSection(SolutionProperties) = preSolution
		HideSolutionNode = FALSE
	EndGlobalSection
	GlobalSection(ProjectConfigurationPlatforms) = postSolution
		{0C7A22C2-8FA2-4341-8966-03E25608E547}.Debug|Any CPU.ActiveCfg = Debug|Any CPU
		{0C7A22C2-8FA2-4341-8966-03E25608E547}.Debug|Any CPU.Build.0 = Debug|Any CPU
		{0C7A22C2-8FA2-4341-8966-03E25608E547}.Release|Any CPU.ActiveCfg = Release|Any CPU
		{0C7A22C2-8FA2-4341-8966-03E25608E547}.Release|Any CPU.Build.0 = Release|Any CPU
		{4BA41A99-BB6F-463F-B212-760DEF0E4008}.Debug|Any CPU.ActiveCfg = Debug|Any CPU
		{4BA41A99-BB6F-463F-B212-760DEF0E4008}.Debug|Any CPU.Build.0 = Debug|Any CPU
		{4BA41A99-BB6F-463F-B212-760DEF0E4008}.Release|Any CPU.ActiveCfg = Release|Any CPU
		{4BA41A99-BB6F-463F-B212-760DEF0E4008}.Release|Any CPU.Build.0 = Release|Any CPU
		{0BC3C1E9-6004-4232-B01D-1D03EF788638}.Debug|Any CPU.ActiveCfg = Debug|Any CPU
		{0BC3C1E9-6004-4232-B01D-1D03EF788638}.Debug|Any CPU.Build.0 = Debug|Any CPU
		{0BC3C1E9-6004-4232-B01D-1D03EF788638}.Release|Any CPU.ActiveCfg = Release|Any CPU
		{0BC3C1E9-6004-4232-B01D-1D03EF788638}.Release|Any CPU.Build.0 = Release|Any CPU
		{D3BE5DCA-5270-485C-A47B-18B6D161D7C3}.Debug|Any CPU.ActiveCfg = Debug|Any CPU
		{D3BE5DCA-5270-485C-A47B-18B6D161D7C3}.Debug|Any CPU.Build.0 = Debug|Any CPU
		{D3BE5DCA-5270-485C-A47B-18B6D161D7C3}.Release|Any CPU.ActiveCfg = Release|Any CPU
		{D3BE5DCA-5270-485C-A47B-18B6D161D7C3}.Release|Any CPU.Build.0 = Release|Any CPU
		{4EDD22A0-297B-4A6C-B4AD-A159F111A896}.Debug|Any CPU.ActiveCfg = Debug|Any CPU
		{4EDD22A0-297B-4A6C-B4AD-A159F111A896}.Debug|Any CPU.Build.0 = Debug|Any CPU
		{4EDD22A0-297B-4A6C-B4AD-A159F111A896}.Release|Any CPU.ActiveCfg = Release|Any CPU
		{4EDD22A0-297B-4A6C-B4AD-A159F111A896}.Release|Any CPU.Build.0 = Release|Any CPU
		{634C93DA-A176-4433-92D6-D09582AADA58}.Debug|Any CPU.ActiveCfg = Debug|Any CPU
		{634C93DA-A176-4433-92D6-D09582AADA58}.Debug|Any CPU.Build.0 = Debug|Any CPU
		{634C93DA-A176-4433-92D6-D09582AADA58}.Release|Any CPU.ActiveCfg = Release|Any CPU
		{634C93DA-A176-4433-92D6-D09582AADA58}.Release|Any CPU.Build.0 = Release|Any CPU
	EndGlobalSection
	GlobalSection(NestedProjects) = preSolution
	EndGlobalSection
EndGlobal
