
Microsoft Visual Studio Solution File, Format Version 12.00
# Visual Studio Version 17
VisualStudioVersion = 17.0.31903.59
MinimumVisualStudioVersion = 10.0.40219.1
Project("{FAE04EC0-301F-11D3-BF4B-00C04F79EFBC}") = "Photogrammetry", "Photogrammetry\Photogrammetry.csproj", "{0C7A22C2-8FA2-4341-8966-03E25608E547}"
EndProject
Project("{FAE04EC0-301F-11D3-BF4B-00C04F79EFBC}") = "SambaReader", "SambaReader\SambaReader.csproj", "{57E7E6EA-BD97-4E92-AA93-E8209DCCBE3A}"
EndProject
Project("{FAE04EC0-301F-11D3-BF4B-00C04F79EFBC}") = "ImageReader.Abstractions", "ImageReader.Abstractions\ImageReader.Abstractions.csproj", "{4BA41A99-BB6F-463F-B212-760DEF0E4008}"
EndProject
Project("{2150E333-8FDC-42A3-9474-1A3956D46DE8}") = "ImageReader", "ImageReader", "{C6D721A8-2B64-4F12-9831-478442866DCD}"
EndProject
Global
	GlobalSection(SolutionConfigurationPlatforms) = preSolution
		Debug|Any CPU = Debug|Any CPU
		Release|Any CPU = Release|Any CPU
	EndGlobalSection
	GlobalSection(SolutionProperties) = preSolution
		HideSolutionNode = FALSE
	EndGlobalSection
	GlobalSection(ProjectConfigurationPlatforms) = postSolution
		{0C7A22C2-8FA2-4341-8966-03E25608E547}.Debug|Any CPU.ActiveCfg = Debug|Any CPU
		{0C7A22C2-8FA2-4341-8966-03E25608E547}.Debug|Any CPU.Build.0 = Debug|Any CPU
		{0C7A22C2-8FA2-4341-8966-03E25608E547}.Release|Any CPU.ActiveCfg = Release|Any CPU
		{0C7A22C2-8FA2-4341-8966-03E25608E547}.Release|Any CPU.Build.0 = Release|Any CPU
		{57E7E6EA-BD97-4E92-AA93-E8209DCCBE3A}.Debug|Any CPU.ActiveCfg = Debug|Any CPU
		{57E7E6EA-BD97-4E92-AA93-E8209DCCBE3A}.Debug|Any CPU.Build.0 = Debug|Any CPU
		{57E7E6EA-BD97-4E92-AA93-E8209DCCBE3A}.Release|Any CPU.ActiveCfg = Release|Any CPU
		{57E7E6EA-BD97-4E92-AA93-E8209DCCBE3A}.Release|Any CPU.Build.0 = Release|Any CPU
		{4BA41A99-BB6F-463F-B212-760DEF0E4008}.Debug|Any CPU.ActiveCfg = Debug|Any CPU
		{4BA41A99-BB6F-463F-B212-760DEF0E4008}.Debug|Any CPU.Build.0 = Debug|Any CPU
		{4BA41A99-BB6F-463F-B212-760DEF0E4008}.Release|Any CPU.ActiveCfg = Release|Any CPU
		{4BA41A99-BB6F-463F-B212-760DEF0E4008}.Release|Any CPU.Build.0 = Release|Any CPU
	EndGlobalSection
	GlobalSection(NestedProjects) = preSolution
		{57E7E6EA-BD97-4E92-AA93-E8209DCCBE3A} = {C6D721A8-2B64-4F12-9831-478442866DCD}
		{4BA41A99-BB6F-463F-B212-760DEF0E4008} = {C6D721A8-2B64-4F12-9831-478442866DCD}
	EndGlobalSection
EndGlobal
